
Microsoft Visual Studio Solution File, Format Version 12.00
# Visual Studio Version 17
VisualStudioVersion = 17.11.35219.272
MinimumVisualStudioVersion = 10.0.40219.1
Project("{FAE04EC0-301F-11D3-BF4B-00C04F79EFBC}") = "Lr3", "Lr3.csproj", "{7B31E581-BF8D-4724-8D2A-14CB8B08EFE7}"
EndProject
Global
	GlobalSection(SolutionConfigurationPlatforms) = preSolution
		Debug|Any CPU = Debug|Any CPU
		Release|Any CPU = Release|Any CPU
	EndGlobalSection
	GlobalSection(ProjectConfigurationPlatforms) = postSolution
		{7B31E581-BF8D-4724-8D2A-14CB8B08EFE7}.Debug|Any CPU.ActiveCfg = Debug|Any CPU
		{7B31E581-BF8D-4724-8D2A-14CB8B08EFE7}.Debug|Any CPU.Build.0 = Debug|Any CPU
		{7B31E581-BF8D-4724-8D2A-14CB8B08EFE7}.Release|Any CPU.ActiveCfg = Release|Any CPU
		{7B31E581-BF8D-4724-8D2A-14CB8B08EFE7}.Release|Any CPU.Build.0 = Release|Any CPU
	EndGlobalSection
	GlobalSection(SolutionProperties) = preSolution
		HideSolutionNode = FALSE
	EndGlobalSection
	GlobalSection(ExtensibilityGlobals) = postSolution
		SolutionGuid = {4E5B57C9-65FE-4A60-A209-3956439B6F89}
	EndGlobalSection
EndGlobal
